
Microsoft Visual Studio Solution File, Format Version 12.00
# Visual Studio 2013
VisualStudioVersion = 12.0.31101.0
MinimumVisualStudioVersion = 10.0.40219.1
Project("{8BC9CEB8-8B4A-11D0-8D11-00A0C91BC942}") = "TimerShot", "TimerShot.vcxproj", "{A46B729E-C455-4D75-B87A-EB36AC815998}"
EndProject
Project("{8BC9CEB8-8B4A-11D0-8D11-00A0C91BC942}") = "TimeShotAlternate", "..\TimeShotAlternate\TimeShotAlternate.vcxproj", "{DCE75DE8-8836-430F-B019-CFF1424A3647}"
EndProject
Project("{8BC9CEB8-8B4A-11D0-8D11-00A0C91BC942}") = "NeopixelDemo", "..\NeopixelDemo\NeopixelDemo.vcxproj", "{ADD94861-DF7C-423B-9559-090AD6614DCE}"
EndProject
Global
	GlobalSection(SolutionConfigurationPlatforms) = preSolution
		Debug|Win32 = Debug|Win32
		Release|Win32 = Release|Win32
	EndGlobalSection
	GlobalSection(ProjectConfigurationPlatforms) = postSolution
		{A46B729E-C455-4D75-B87A-EB36AC815998}.Debug|Win32.ActiveCfg = Debug|Win32
		{A46B729E-C455-4D75-B87A-EB36AC815998}.Debug|Win32.Build.0 = Debug|Win32
		{A46B729E-C455-4D75-B87A-EB36AC815998}.Release|Win32.ActiveCfg = Release|Win32
		{A46B729E-C455-4D75-B87A-EB36AC815998}.Release|Win32.Build.0 = Release|Win32
		{DCE75DE8-8836-430F-B019-CFF1424A3647}.Debug|Win32.ActiveCfg = Debug|Win32
		{DCE75DE8-8836-430F-B019-CFF1424A3647}.Debug|Win32.Build.0 = Debug|Win32
		{DCE75DE8-8836-430F-B019-CFF1424A3647}.Release|Win32.ActiveCfg = Release|Win32
		{DCE75DE8-8836-430F-B019-CFF1424A3647}.Release|Win32.Build.0 = Release|Win32
		{ADD94861-DF7C-423B-9559-090AD6614DCE}.Debug|Win32.ActiveCfg = Debug|Win32
		{ADD94861-DF7C-423B-9559-090AD6614DCE}.Debug|Win32.Build.0 = Debug|Win32
		{ADD94861-DF7C-423B-9559-090AD6614DCE}.Release|Win32.ActiveCfg = Release|Win32
		{ADD94861-DF7C-423B-9559-090AD6614DCE}.Release|Win32.Build.0 = Release|Win32
	EndGlobalSection
	GlobalSection(SolutionProperties) = preSolution
		HideSolutionNode = FALSE
	EndGlobalSection
EndGlobal
